
Microsoft Visual Studio Solution File, Format Version 12.00
# Visual Studio Version 17
VisualStudioVersion = 17.5.33424.131
MinimumVisualStudioVersion = 10.0.40219.1
Project("{8BC9CEB8-8B4A-11D0-8D11-00A0C91BC942}") = "B_Engine", "B_Engine\B_Engine.vcxproj", "{98359360-AC53-4FE3-8844-6E48035A2C0B}"
EndProject
Global
	GlobalSection(SolutionConfigurationPlatforms) = preSolution
		Debug|x64 = Debug|x64
		Debug|x86 = Debug|x86
		Release|x64 = Release|x64
		Release|x86 = Release|x86
	EndGlobalSection
	GlobalSection(ProjectConfigurationPlatforms) = postSolution
		{98359360-AC53-4FE3-8844-6E48035A2C0B}.Debug|x64.ActiveCfg = Debug|x64
		{98359360-AC53-4FE3-8844-6E48035A2C0B}.Debug|x64.Build.0 = Debug|x64
		{98359360-AC53-4FE3-8844-6E48035A2C0B}.Debug|x86.ActiveCfg = Debug|Win32
		{98359360-AC53-4FE3-8844-6E48035A2C0B}.Debug|x86.Build.0 = Debug|Win32
		{98359360-AC53-4FE3-8844-6E48035A2C0B}.Release|x64.ActiveCfg = Release|x64
		{98359360-AC53-4FE3-8844-6E48035A2C0B}.Release|x64.Build.0 = Release|x64
		{98359360-AC53-4FE3-8844-6E48035A2C0B}.Release|x86.ActiveCfg = Release|Win32
		{98359360-AC53-4FE3-8844-6E48035A2C0B}.Release|x86.Build.0 = Release|Win32
	EndGlobalSection
	GlobalSection(SolutionProperties) = preSolution
		HideSolutionNode = FALSE
	EndGlobalSection
	GlobalSection(ExtensibilityGlobals) = postSolution
		SolutionGuid = {758E3440-029E-46D4-889B-B1C46987CFCC}
	EndGlobalSection
EndGlobal
